PODS:
  - Flutter (1.0.0)
  - nosmai_camera_sdk (1.0.0):
    - Flutter
    - NosmaiCameraSDK (~> 1.0.5)
  - NosmaiCameraSDK (1.0.5)
  - permission_handler_apple (9.3.0):
    - Flutter

DEPENDENCIES:
  - Flutter (from `Flutter`)
  - nosmai_camera_sdk (from `.symlinks/plugins/nosmai_camera_sdk/ios`)
  - permission_handler_apple (from `.symlinks/plugins/permission_handler_apple/ios`)

SPEC REPOS:
  trunk:
    - NosmaiCameraSDK

EXTERNAL SOURCES:
  Flutter:
    :path: Flutter
  nosmai_camera_sdk:
    :path: ".symlinks/plugins/nosmai_camera_sdk/ios"
  permission_handler_apple:
    :path: ".symlinks/plugins/permission_handler_apple/ios"

SPEC CHECKSUMS:
  Flutter: e0871f40cf51350855a761d2e70bf5af5b9b5de7
  nosmai_camera_sdk: 3b65752b05435182ee27a72d82eb5e70310b26ae
  NosmaiCameraSDK: 455c8b74f36acace54981b4f93c1c7b6437a331d
  permission_handler_apple: 4ed2196e43d0651e8ff7ca3483a069d469701f2d

PODFILE CHECKSUM: 599eb0ca3b3e1e8fd7051d93c90f2b9ddf300bad

COCOAPODS: 1.16.2
