PODS:
  - Flutter (1.0.0)
  - integration_test (0.0.1):
    - Flutter
  - "nosmai_camera_sdk (1.0.2+1)":
    - Flutter
    - NosmaiCameraSDK (~> 1.0.7)
  - NosmaiCameraSDK (1.0.7)
  - permission_handler_apple (9.3.0):
    - Flutter

DEPENDENCIES:
  - Flutter (from `Flutter`)
  - integration_test (from `.symlinks/plugins/integration_test/ios`)
  - nosmai_camera_sdk (from `.symlinks/plugins/nosmai_camera_sdk/ios`)
  - permission_handler_apple (from `.symlinks/plugins/permission_handler_apple/ios`)

SPEC REPOS:
  trunk:
    - NosmaiCameraSDK

EXTERNAL SOURCES:
  Flutter:
    :path: Flutter
  integration_test:
    :path: ".symlinks/plugins/integration_test/ios"
  nosmai_camera_sdk:
    :path: ".symlinks/plugins/nosmai_camera_sdk/ios"
  permission_handler_apple:
    :path: ".symlinks/plugins/permission_handler_apple/ios"

SPEC CHECKSUMS:
  Flutter: e0871f40cf51350855a761d2e70bf5af5b9b5de7
  integration_test: 4a889634ef21a45d28d50d622cf412dc6d9f586e
  nosmai_camera_sdk: b44a906c1d46ea13757d4a0f176da0ce97846ac6
  NosmaiCameraSDK: 9711a4ec044b132f95f874a9ce12f8053257608d
  permission_handler_apple: 4ed2196e43d0651e8ff7ca3483a069d469701f2d

PODFILE CHECKSUM: 8ae12940ed56656822209d3777ba9b9fe1e1becd

COCOAPODS: 1.16.2
